
Microsoft Visual Studio Solution File, Format Version 12.00
# Visual Studio 15
VisualStudioVersion = 15.0.28307.329
MinimumVisualStudioVersion = 10.0.40219.1
Project("{FAE04EC0-301F-11D3-BF4B-00C04F79EFBC}") = "HtmlDownloader", "HtmlDownloader\HtmlDownloader.csproj", "{1EF9C69D-6E0A-4A66-8600-8F64430981DC}"
EndProject
Project("{FAE04EC0-301F-11D3-BF4B-00C04F79EFBC}") = "HtmlDownloaderLib", "HtmlDownloaderLib\HtmlDownloaderLib.csproj", "{A3A1B9D4-3834-4114-B02C-54B735737486}"
EndProject
Global
	GlobalSection(SolutionConfigurationPlatforms) = preSolution
		Debug|Any CPU = Debug|Any CPU
		Release|Any CPU = Release|Any CPU
	EndGlobalSection
	GlobalSection(ProjectConfigurationPlatforms) = postSolution
		{1EF9C69D-6E0A-4A66-8600-8F64430981DC}.Debug|Any CPU.ActiveCfg = Debug|Any CPU
		{1EF9C69D-6E0A-4A66-8600-8F64430981DC}.Debug|Any CPU.Build.0 = Debug|Any CPU
		{1EF9C69D-6E0A-4A66-8600-8F64430981DC}.Release|Any CPU.ActiveCfg = Release|Any CPU
		{1EF9C69D-6E0A-4A66-8600-8F64430981DC}.Release|Any CPU.Build.0 = Release|Any CPU
		{A3A1B9D4-3834-4114-B02C-54B735737486}.Debug|Any CPU.ActiveCfg = Debug|Any CPU
		{A3A1B9D4-3834-4114-B02C-54B735737486}.Debug|Any CPU.Build.0 = Debug|Any CPU
		{A3A1B9D4-3834-4114-B02C-54B735737486}.Release|Any CPU.ActiveCfg = Release|Any CPU
		{A3A1B9D4-3834-4114-B02C-54B735737486}.Release|Any CPU.Build.0 = Release|Any CPU
	EndGlobalSection
	GlobalSection(SolutionProperties) = preSolution
		HideSolutionNode = FALSE
	EndGlobalSection
	GlobalSection(ExtensibilityGlobals) = postSolution
		SolutionGuid = {F9EB7CBF-F738-4DD3-A281-EBAF9348652F}
	EndGlobalSection
EndGlobal
